
Microsoft Visual Studio Solution File, Format Version 12.00
# Visual Studio Version 17
VisualStudioVersion = 17.3.32922.545
MinimumVisualStudioVersion = 10.0.40219.1
Project("{FAE04EC0-301F-11D3-BF4B-00C04F79EFBC}") = "BatonPass_Dapper", "BatonPass_Dapper.csproj", "{74666C76-697C-4D2C-A278-1A825413FACD}"
EndProject
Global
	GlobalSection(SolutionConfigurationPlatforms) = preSolution
		Debug|Any CPU = Debug|Any CPU
		Release|Any CPU = Release|Any CPU
	EndGlobalSection
	GlobalSection(ProjectConfigurationPlatforms) = postSolution
		{74666C76-697C-4D2C-A278-1A825413FACD}.Debug|Any CPU.ActiveCfg = Debug|Any CPU
		{74666C76-697C-4D2C-A278-1A825413FACD}.Debug|Any CPU.Build.0 = Debug|Any CPU
		{74666C76-697C-4D2C-A278-1A825413FACD}.Release|Any CPU.ActiveCfg = Release|Any CPU
		{74666C76-697C-4D2C-A278-1A825413FACD}.Release|Any CPU.Build.0 = Release|Any CPU
	EndGlobalSection
	GlobalSection(SolutionProperties) = preSolution
		HideSolutionNode = FALSE
	EndGlobalSection
	GlobalSection(ExtensibilityGlobals) = postSolution
		SolutionGuid = {FC81C820-726A-4F1F-A4DF-A7CE9CBBFC0B}
	EndGlobalSection
EndGlobal
