
Microsoft Visual Studio Solution File, Format Version 12.00
# Visual Studio Version 17
VisualStudioVersion = 17.3.32922.545
MinimumVisualStudioVersion = 10.0.40219.1
Project("{00D1A9C2-B5F0-4AF3-8072-F6C62B433612}") = "BatonPass_DB", "BatonPass_DB.sqlproj", "{5DA29316-91FC-4DCD-8585-41F935C08E4A}"
EndProject
Global
	GlobalSection(SolutionConfigurationPlatforms) = preSolution
		Debug|Any CPU = Debug|Any CPU
		Release|Any CPU = Release|Any CPU
	EndGlobalSection
	GlobalSection(ProjectConfigurationPlatforms) = postSolution
		{5DA29316-91FC-4DCD-8585-41F935C08E4A}.Debug|Any CPU.ActiveCfg = Debug|Any CPU
		{5DA29316-91FC-4DCD-8585-41F935C08E4A}.Debug|Any CPU.Build.0 = Debug|Any CPU
		{5DA29316-91FC-4DCD-8585-41F935C08E4A}.Debug|Any CPU.Deploy.0 = Debug|Any CPU
		{5DA29316-91FC-4DCD-8585-41F935C08E4A}.Release|Any CPU.ActiveCfg = Release|Any CPU
		{5DA29316-91FC-4DCD-8585-41F935C08E4A}.Release|Any CPU.Build.0 = Release|Any CPU
		{5DA29316-91FC-4DCD-8585-41F935C08E4A}.Release|Any CPU.Deploy.0 = Release|Any CPU
	EndGlobalSection
	GlobalSection(SolutionProperties) = preSolution
		HideSolutionNode = FALSE
	EndGlobalSection
	GlobalSection(ExtensibilityGlobals) = postSolution
		SolutionGuid = {EBBA6E68-49D3-4535-8AAF-F261C59EE298}
	EndGlobalSection
EndGlobal
